
Microsoft Visual Studio Solution File, Format Version 12.00
# Visual Studio Version 17
VisualStudioVersion = 17.10.35013.160
MinimumVisualStudioVersion = 10.0.40219.1
Project("{2150E333-8FDC-42A3-9474-1A3956D46DE8}") = "src", "src", "{2301A7AA-36A2-46EB-BA08-27106205F4E5}"
EndProject
Project("{2150E333-8FDC-42A3-9474-1A3956D46DE8}") = "OPC", "OPC", "{1687219C-D79D-43E1-AE4C-0221F30A7A5E}"
EndProject
Project("{2150E333-8FDC-42A3-9474-1A3956D46DE8}") = "LISKOV", "LISKOV", "{E0E0CC66-16D0-4BAB-BC75-36655AA2E480}"
EndProject
Project("{2150E333-8FDC-42A3-9474-1A3956D46DE8}") = "SRP", "SRP", "{376719DB-A53C-45DA-8812-40E7303EEF64}"
EndProject
Project("{FAE04EC0-301F-11D3-BF4B-00C04F79EFBC}") = "SRP", "SRP\SRP.csproj", "{C16588BF-E4B6-4390-B7CA-F35352D2AE01}"
EndProject
Project("{FAE04EC0-301F-11D3-BF4B-00C04F79EFBC}") = "OPC", "OPC\OPC.csproj", "{AD2AA3D3-38A5-4502-8F71-81391A30CC3A}"
EndProject
Project("{FAE04EC0-301F-11D3-BF4B-00C04F79EFBC}") = "Liskov", "Liskov\Liskov.csproj", "{E543941C-50B2-4C0E-92A4-96EAB602F50C}"
EndProject
Global
	GlobalSection(SolutionConfigurationPlatforms) = preSolution
		Debug|Any CPU = Debug|Any CPU
		Release|Any CPU = Release|Any CPU
	EndGlobalSection
	GlobalSection(ProjectConfigurationPlatforms) = postSolution
		{C16588BF-E4B6-4390-B7CA-F35352D2AE01}.Debug|Any CPU.ActiveCfg = Debug|Any CPU
		{C16588BF-E4B6-4390-B7CA-F35352D2AE01}.Debug|Any CPU.Build.0 = Debug|Any CPU
		{C16588BF-E4B6-4390-B7CA-F35352D2AE01}.Release|Any CPU.ActiveCfg = Release|Any CPU
		{C16588BF-E4B6-4390-B7CA-F35352D2AE01}.Release|Any CPU.Build.0 = Release|Any CPU
		{AD2AA3D3-38A5-4502-8F71-81391A30CC3A}.Debug|Any CPU.ActiveCfg = Debug|Any CPU
		{AD2AA3D3-38A5-4502-8F71-81391A30CC3A}.Debug|Any CPU.Build.0 = Debug|Any CPU
		{AD2AA3D3-38A5-4502-8F71-81391A30CC3A}.Release|Any CPU.ActiveCfg = Release|Any CPU
		{AD2AA3D3-38A5-4502-8F71-81391A30CC3A}.Release|Any CPU.Build.0 = Release|Any CPU
		{E543941C-50B2-4C0E-92A4-96EAB602F50C}.Debug|Any CPU.ActiveCfg = Debug|Any CPU
		{E543941C-50B2-4C0E-92A4-96EAB602F50C}.Debug|Any CPU.Build.0 = Debug|Any CPU
		{E543941C-50B2-4C0E-92A4-96EAB602F50C}.Release|Any CPU.ActiveCfg = Release|Any CPU
		{E543941C-50B2-4C0E-92A4-96EAB602F50C}.Release|Any CPU.Build.0 = Release|Any CPU
	EndGlobalSection
	GlobalSection(SolutionProperties) = preSolution
		HideSolutionNode = FALSE
	EndGlobalSection
	GlobalSection(NestedProjects) = preSolution
		{1687219C-D79D-43E1-AE4C-0221F30A7A5E} = {2301A7AA-36A2-46EB-BA08-27106205F4E5}
		{E0E0CC66-16D0-4BAB-BC75-36655AA2E480} = {2301A7AA-36A2-46EB-BA08-27106205F4E5}
		{376719DB-A53C-45DA-8812-40E7303EEF64} = {2301A7AA-36A2-46EB-BA08-27106205F4E5}
		{C16588BF-E4B6-4390-B7CA-F35352D2AE01} = {376719DB-A53C-45DA-8812-40E7303EEF64}
		{AD2AA3D3-38A5-4502-8F71-81391A30CC3A} = {1687219C-D79D-43E1-AE4C-0221F30A7A5E}
		{E543941C-50B2-4C0E-92A4-96EAB602F50C} = {E0E0CC66-16D0-4BAB-BC75-36655AA2E480}
	EndGlobalSection
	GlobalSection(ExtensibilityGlobals) = postSolution
		SolutionGuid = {E1A8089B-3C02-423A-89A6-5BE6D2837FE3}
	EndGlobalSection
EndGlobal
